# This file is automatically @generated by Poetry and should not be changed by hand.

[[package]]
name = "attrs"
version = "22.2.0"
description = "Classes Without Boilerplate"
category = "dev"
optional = false
python-versions = ">=3.6"
files = [
    {file = "attrs-22.2.0-py3-none-any.whl", hash = "sha256:29e95c7f6778868dbd49170f98f8818f78f3dc5e0e37c0b1f474e3561b240836"},
    {file = "attrs-22.2.0.tar.gz", hash = "sha256:c9227bfc2f01993c03f68db37d1d15c9690188323c067c641f1a35ca58185f99"},
]

[package.extras]
cov = ["attrs[tests]", "coverage-enable-subprocess", "coverage[toml] (>=5.3)"]
dev = ["attrs[docs,tests]"]
docs = ["furo", "myst-parser", "sphinx", "sphinx-notfound-page", "sphinxcontrib-towncrier", "towncrier", "zope.interface"]
tests = ["attrs[tests-no-zope]", "zope.interface"]
tests-no-zope = ["cloudpickle", "cloudpickle", "hypothesis", "hypothesis", "mypy (>=0.971,<0.990)", "mypy (>=0.971,<0.990)", "pympler", "pympler", "pytest (>=4.3.0)", "pytest (>=4.3.0)", "pytest-mypy-plugins", "pytest-mypy-plugins", "pytest-xdist[psutil]", "pytest-xdist[psutil]"]

[[package]]
name = "black"
version = "22.1.0"
description = "The uncompromising code formatter."
category = "dev"
optional = false
python-versions = ">=3.6.2"
files = [
    {file = "black-22.1.0-cp310-cp310-macosx_10_9_universal2.whl", hash = "sha256:1297c63b9e1b96a3d0da2d85d11cd9bf8664251fd69ddac068b98dc4f34f73b6"},
    {file = "black-22.1.0-cp310-cp310-macosx_10_9_x86_64.whl", hash = "sha256:2ff96450d3ad9ea499fc4c60e425a1439c2120cbbc1ab959ff20f7c76ec7e866"},
    {file = "black-22.1.0-cp310-cp310-macosx_11_0_arm64.whl", hash = "sha256:0e21e1f1efa65a50e3960edd068b6ae6d64ad6235bd8bfea116a03b21836af71"},
    {file = "black-22.1.0-cp310-cp310-manylinux_2_17_x86_64.manylinux2014_x86_64.whl", hash = "sha256:e2f69158a7d120fd641d1fa9a921d898e20d52e44a74a6fbbcc570a62a6bc8ab"},
    {file = "black-22.1.0-cp310-cp310-win_amd64.whl", hash = "sha256:228b5ae2c8e3d6227e4bde5920d2fc66cc3400fde7bcc74f480cb07ef0b570d5"},
    {file = "black-22.1.0-cp36-cp36m-macosx_10_9_x86_64.whl", hash = "sha256:b1a5ed73ab4c482208d20434f700d514f66ffe2840f63a6252ecc43a9bc77e8a"},
    {file = "black-22.1.0-cp36-cp36m-manylinux_2_17_x86_64.manylinux2014_x86_64.whl", hash = "sha256:35944b7100af4a985abfcaa860b06af15590deb1f392f06c8683b4381e8eeaf0"},
    {file = "black-22.1.0-cp36-cp36m-win_amd64.whl", hash = "sha256:7835fee5238fc0a0baf6c9268fb816b5f5cd9b8793423a75e8cd663c48d073ba"},
    {file = "black-22.1.0-cp37-cp37m-macosx_10_9_x86_64.whl", hash = "sha256:dae63f2dbf82882fa3b2a3c49c32bffe144970a573cd68d247af6560fc493ae1"},
    {file = "black-22.1.0-cp37-cp37m-manylinux_2_17_x86_64.manylinux2014_x86_64.whl", hash = "sha256:5fa1db02410b1924b6749c245ab38d30621564e658297484952f3d8a39fce7e8"},
    {file = "black-22.1.0-cp37-cp37m-win_amd64.whl", hash = "sha256:c8226f50b8c34a14608b848dc23a46e5d08397d009446353dad45e04af0c8e28"},
    {file = "black-22.1.0-cp38-cp38-macosx_10_9_universal2.whl", hash = "sha256:2d6f331c02f0f40aa51a22e479c8209d37fcd520c77721c034517d44eecf5912"},
    {file = "black-22.1.0-cp38-cp38-macosx_10_9_x86_64.whl", hash = "sha256:742ce9af3086e5bd07e58c8feb09dbb2b047b7f566eb5f5bc63fd455814979f3"},
    {file = "black-22.1.0-cp38-cp38-macosx_11_0_arm64.whl", hash = "sha256:fdb8754b453fb15fad3f72cd9cad3e16776f0964d67cf30ebcbf10327a3777a3"},
    {file = "black-22.1.0-cp38-cp38-manylinux_2_17_x86_64.manylinux2014_x86_64.whl", hash = "sha256:f5660feab44c2e3cb24b2419b998846cbb01c23c7fe645fee45087efa3da2d61"},
    {file = "black-22.1.0-cp38-cp38-win_amd64.whl", hash = "sha256:6f2f01381f91c1efb1451998bd65a129b3ed6f64f79663a55fe0e9b74a5f81fd"},
    {file = "black-22.1.0-cp39-cp39-macosx_10_9_universal2.whl", hash = "sha256:efbadd9b52c060a8fc3b9658744091cb33c31f830b3f074422ed27bad2b18e8f"},
    {file = "black-22.1.0-cp39-cp39-macosx_10_9_x86_64.whl", hash = "sha256:8871fcb4b447206904932b54b567923e5be802b9b19b744fdff092bd2f3118d0"},
    {file = "black-22.1.0-cp39-cp39-macosx_11_0_arm64.whl", hash = "sha256:ccad888050f5393f0d6029deea2a33e5ae371fd182a697313bdbd835d3edaf9c"},
    {file = "black-22.1.0-cp39-cp39-manylinux_2_17_x86_64.manylinux2014_x86_64.whl", hash = "sha256:07e5c049442d7ca1a2fc273c79d1aecbbf1bc858f62e8184abe1ad175c4f7cc2"},
    {file = "black-22.1.0-cp39-cp39-win_amd64.whl", hash = "sha256:373922fc66676133ddc3e754e4509196a8c392fec3f5ca4486673e685a421321"},
    {file = "black-22.1.0-py3-none-any.whl", hash = "sha256:3524739d76b6b3ed1132422bf9d82123cd1705086723bc3e235ca39fd21c667d"},
    {file = "black-22.1.0.tar.gz", hash = "sha256:a7c0192d35635f6fc1174be575cb7915e92e5dd629ee79fdaf0dcfa41a80afb5"},
]

[package.dependencies]
click = ">=8.0.0"
mypy-extensions = ">=0.4.3"
pathspec = ">=0.9.0"
platformdirs = ">=2"
tomli = ">=1.1.0"

[package.extras]
colorama = ["colorama (>=0.4.3)"]
d = ["aiohttp (>=3.7.4)"]
jupyter = ["ipython (>=7.8.0)", "tokenize-rt (>=3.2.0)"]
uvloop = ["uvloop (>=0.15.2)"]

[[package]]
name = "blue"
version = "0.9.1"
description = "Blue -- Some folks like black but I prefer blue."
category = "dev"
optional = false
python-versions = "*"
files = [
    {file = "blue-0.9.1-py3-none-any.whl", hash = "sha256:037742c072c58a2ff024f59fb9164257b907f97f8f862008db3b013d1f27cc22"},
    {file = "blue-0.9.1.tar.gz", hash = "sha256:76b4f26884a8425042356601d80773db6e0e14bebaa7a59d7c54bf8cef2e2af5"},
]

[package.dependencies]
black = "22.1.0"
flake8 = ">=3.8,<5.0.0"

[[package]]
name = "click"
version = "8.1.3"
description = "Composable command line interface toolkit"
category = "dev"
optional = false
python-versions = ">=3.7"
files = [
    {file = "click-8.1.3-py3-none-any.whl", hash = "sha256:bb4d8133cb15a609f44e8213d9b391b0809795062913b383c62be0ee95b1db48"},
    {file = "click-8.1.3.tar.gz", hash = "sha256:7682dc8afb30297001674575ea00d1814d808d6a36af415a82bd481d37ba7b8e"},
]

[package.dependencies]
colorama = {version = "*", markers = "platform_system == \"Windows\""}

[[package]]
name = "colorama"
version = "0.4.6"
description = "Cross-platform colored terminal text."
category = "dev"
optional = false
python-versions = "!=3.0.*,!=3.1.*,!=3.2.*,!=3.3.*,!=3.4.*,!=3.5.*,!=3.6.*,>=2.7"
files = [
    {file = "colorama-0.4.6-py2.py3-none-any.whl", hash = "sha256:4f1d9991f5acc0ca119f9d443620b77f9d6b33703e51011c16baf57afb285fc6"},
    {file = "colorama-0.4.6.tar.gz", hash = "sha256:08695f5cb7ed6e0531a20572697297273c47b8cae5a63ffc6d6ed5c201be6e44"},
]

[[package]]
name = "coverage"
version = "7.0.5"
description = "Code coverage measurement for Python"
category = "dev"
optional = false
python-versions = ">=3.7"
files = [
    {file = "coverage-7.0.5-cp310-cp310-macosx_10_9_x86_64.whl", hash = "sha256:2a7f23bbaeb2a87f90f607730b45564076d870f1fb07b9318d0c21f36871932b"},
    {file = "coverage-7.0.5-cp310-cp310-macosx_11_0_arm64.whl", hash = "sha256:c18d47f314b950dbf24a41787ced1474e01ca816011925976d90a88b27c22b89"},
    {file = "coverage-7.0.5-cp310-cp310-manylinux_2_17_aarch64.manylinux2014_aarch64.whl", hash = "sha256:ef14d75d86f104f03dea66c13188487151760ef25dd6b2dbd541885185f05f40"},
    {file = "coverage-7.0.5-cp310-cp310-manylinux_2_5_i686.manylinux1_i686.manylinux_2_17_i686.manylinux2014_i686.whl", hash = "sha256:66e50680e888840c0995f2ad766e726ce71ca682e3c5f4eee82272c7671d38a2"},
    {file = "coverage-7.0.5-cp310-cp310-manylinux_2_5_x86_64.manylinux1_x86_64.manylinux_2_17_x86_64.manylinux2014_x86_64.whl", hash = "sha256:a9fed35ca8c6e946e877893bbac022e8563b94404a605af1d1e6accc7eb73289"},
    {file = "coverage-7.0.5-cp310-cp310-musllinux_1_1_aarch64.whl", hash = "sha256:d8d04e755934195bdc1db45ba9e040b8d20d046d04d6d77e71b3b34a8cc002d0"},
    {file = "coverage-7.0.5-cp310-cp310-musllinux_1_1_i686.whl", hash = "sha256:7e109f1c9a3ece676597831874126555997c48f62bddbcace6ed17be3e372de8"},
    {file = "coverage-7.0.5-cp310-cp310-musllinux_1_1_x86_64.whl", hash = "sha256:0a1890fca2962c4f1ad16551d660b46ea77291fba2cc21c024cd527b9d9c8809"},
    {file = "coverage-7.0.5-cp310-cp310-win32.whl", hash = "sha256:be9fcf32c010da0ba40bf4ee01889d6c737658f4ddff160bd7eb9cac8f094b21"},
    {file = "coverage-7.0.5-cp310-cp310-win_amd64.whl", hash = "sha256:cbfcba14a3225b055a28b3199c3d81cd0ab37d2353ffd7f6fd64844cebab31ad"},
    {file = "coverage-7.0.5-cp311-cp311-macosx_10_9_x86_64.whl", hash = "sha256:30b5fec1d34cc932c1bc04017b538ce16bf84e239378b8f75220478645d11fca"},
    {file = "coverage-7.0.5-cp311-cp311-macosx_11_0_arm64.whl", hash = "sha256:1caed2367b32cc80a2b7f58a9f46658218a19c6cfe5bc234021966dc3daa01f0"},
    {file = "coverage-7.0.5-cp311-cp311-manylinux_2_17_aarch64.manylinux2014_aarch64.whl", hash = "sha256:d254666d29540a72d17cc0175746cfb03d5123db33e67d1020e42dae611dc196"},
    {file = "coverage-7.0.5-cp311-cp311-manylinux_2_5_i686.manylinux1_i686.manylinux_2_17_i686.manylinux2014_i686.whl", hash = "sha256:19245c249aa711d954623d94f23cc94c0fd65865661f20b7781210cb97c471c0"},
    {file = "coverage-7.0.5-cp311-cp311-manylinux_2_5_x86_64.manylinux1_x86_64.manylinux_2_17_x86_64.manylinux2014_x86_64.whl", hash = "sha256:7b05ed4b35bf6ee790832f68932baf1f00caa32283d66cc4d455c9e9d115aafc"},
    {file = "coverage-7.0.5-cp311-cp311-musllinux_1_1_aarch64.whl", hash = "sha256:29de916ba1099ba2aab76aca101580006adfac5646de9b7c010a0f13867cba45"},
    {file = "coverage-7.0.5-cp311-cp311-musllinux_1_1_i686.whl", hash = "sha256:e057e74e53db78122a3979f908973e171909a58ac20df05c33998d52e6d35757"},
    {file = "coverage-7.0.5-cp311-cp311-musllinux_1_1_x86_64.whl", hash = "sha256:411d4ff9d041be08fdfc02adf62e89c735b9468f6d8f6427f8a14b6bb0a85095"},
    {file = "coverage-7.0.5-cp311-cp311-win32.whl", hash = "sha256:52ab14b9e09ce052237dfe12d6892dd39b0401690856bcfe75d5baba4bfe2831"},
    {file = "coverage-7.0.5-cp311-cp311-win_amd64.whl", hash = "sha256:1f66862d3a41674ebd8d1a7b6f5387fe5ce353f8719040a986551a545d7d83ea"},
    {file = "coverage-7.0.5-cp37-cp37m-macosx_10_9_x86_64.whl", hash = "sha256:b69522b168a6b64edf0c33ba53eac491c0a8f5cc94fa4337f9c6f4c8f2f5296c"},
    {file = "coverage-7.0.5-cp37-cp37m-manylinux_2_17_aarch64.manylinux2014_aarch64.whl", hash = "sha256:436e103950d05b7d7f55e39beeb4d5be298ca3e119e0589c0227e6d0b01ee8c7"},
    {file = "coverage-7.0.5-cp37-cp37m-manylinux_2_5_i686.manylinux1_i686.manylinux_2_17_i686.manylinux2014_i686.whl", hash = "sha256:b8c56bec53d6e3154eaff6ea941226e7bd7cc0d99f9b3756c2520fc7a94e6d96"},
    {file = "coverage-7.0.5-cp37-cp37m-manylinux_2_5_x86_64.manylinux1_x86_64.manylinux_2_17_x86_64.manylinux2014_x86_64.whl", hash = "sha256:7a38362528a9115a4e276e65eeabf67dcfaf57698e17ae388599568a78dcb029"},
    {file = "coverage-7.0.5-cp37-cp37m-musllinux_1_1_aarch64.whl", hash = "sha256:f67472c09a0c7486e27f3275f617c964d25e35727af952869dd496b9b5b7f6a3"},
    {file = "coverage-7.0.5-cp37-cp37m-musllinux_1_1_i686.whl", hash = "sha256:220e3fa77d14c8a507b2d951e463b57a1f7810a6443a26f9b7591ef39047b1b2"},
    {file = "coverage-7.0.5-cp37-cp37m-musllinux_1_1_x86_64.whl", hash = "sha256:ecb0f73954892f98611e183f50acdc9e21a4653f294dfbe079da73c6378a6f47"},
    {file = "coverage-7.0.5-cp37-cp37m-win32.whl", hash = "sha256:d8f3e2e0a1d6777e58e834fd5a04657f66affa615dae61dd67c35d1568c38882"},
    {file = "coverage-7.0.5-cp37-cp37m-win_amd64.whl", hash = "sha256:9e662e6fc4f513b79da5d10a23edd2b87685815b337b1a30cd11307a6679148d"},
    {file = "coverage-7.0.5-cp38-cp38-macosx_10_9_x86_64.whl", hash = "sha256:790e4433962c9f454e213b21b0fd4b42310ade9c077e8edcb5113db0818450cb"},
    {file = "coverage-7.0.5-cp38-cp38-macosx_11_0_arm64.whl", hash = "sha256:49640bda9bda35b057b0e65b7c43ba706fa2335c9a9896652aebe0fa399e80e6"},
    {file = "coverage-7.0.5-cp38-cp38-manylinux_2_17_aarch64.manylinux2014_aarch64.whl", hash = "sha256:d66187792bfe56f8c18ba986a0e4ae44856b1c645336bd2c776e3386da91e1dd"},
    {file = "coverage-7.0.5-cp38-cp38-manylinux_2_5_i686.manylinux1_i686.manylinux_2_17_i686.manylinux2014_i686.whl", hash = "sha256:276f4cd0001cd83b00817c8db76730938b1ee40f4993b6a905f40a7278103b3a"},
    {file = "coverage-7.0.5-cp38-cp38-manylinux_2_5_x86_64.manylinux1_x86_64.manylinux_2_17_x86_64.manylinux2014_x86_64.whl", hash = "sha256:95304068686545aa368b35dfda1cdfbbdbe2f6fe43de4a2e9baa8ebd71be46e2"},
    {file = "coverage-7.0.5-cp38-cp38-musllinux_1_1_aarch64.whl", hash = "sha256:17e01dd8666c445025c29684d4aabf5a90dc6ef1ab25328aa52bedaa95b65ad7"},
    {file = "coverage-7.0.5-cp38-cp38-musllinux_1_1_i686.whl", hash = "sha256:ea76dbcad0b7b0deb265d8c36e0801abcddf6cc1395940a24e3595288b405ca0"},
    {file = "coverage-7.0.5-cp38-cp38-musllinux_1_1_x86_64.whl", hash = "sha256:50a6adc2be8edd7ee67d1abc3cd20678987c7b9d79cd265de55941e3d0d56499"},
    {file = "coverage-7.0.5-cp38-cp38-win32.whl", hash = "sha256:e4ce984133b888cc3a46867c8b4372c7dee9cee300335e2925e197bcd45b9e16"},
    {file = "coverage-7.0.5-cp38-cp38-win_amd64.whl", hash = "sha256:4a950f83fd3f9bca23b77442f3a2b2ea4ac900944d8af9993743774c4fdc57af"},
    {file = "coverage-7.0.5-cp39-cp39-macosx_10_9_x86_64.whl", hash = "sha256:3c2155943896ac78b9b0fd910fb381186d0c345911f5333ee46ac44c8f0e43ab"},
    {file = "coverage-7.0.5-cp39-cp39-macosx_11_0_arm64.whl", hash = "sha256:54f7e9705e14b2c9f6abdeb127c390f679f6dbe64ba732788d3015f7f76ef637"},
    {file = "coverage-7.0.5-cp39-cp39-manylinux_2_17_aarch64.manylinux2014_aarch64.whl", hash = "sha256:0ee30375b409d9a7ea0f30c50645d436b6f5dfee254edffd27e45a980ad2c7f4"},
    {file = "coverage-7.0.5-cp39-cp39-manylinux_2_5_i686.manylinux1_i686.manylinux_2_17_i686.manylinux2014_i686.whl", hash = "sha256:b78729038abea6a5df0d2708dce21e82073463b2d79d10884d7d591e0f385ded"},
    {file = "coverage-7.0.5-cp39-cp39-manylinux_2_5_x86_64.manylinux1_x86_64.manylinux_2_17_x86_64.manylinux2014_x86_64.whl", hash = "sha256:13250b1f0bd023e0c9f11838bdeb60214dd5b6aaf8e8d2f110c7e232a1bff83b"},
    {file = "coverage-7.0.5-cp39-cp39-musllinux_1_1_aarch64.whl", hash = "sha256:2c407b1950b2d2ffa091f4e225ca19a66a9bd81222f27c56bd12658fc5ca1209"},
    {file = "coverage-7.0.5-cp39-cp39-musllinux_1_1_i686.whl", hash = "sha256:c76a3075e96b9c9ff00df8b5f7f560f5634dffd1658bafb79eb2682867e94f78"},
    {file = "coverage-7.0.5-cp39-cp39-musllinux_1_1_x86_64.whl", hash = "sha256:f26648e1b3b03b6022b48a9b910d0ae209e2d51f50441db5dce5b530fad6d9b1"},
    {file = "coverage-7.0.5-cp39-cp39-win32.whl", hash = "sha256:ba3027deb7abf02859aca49c865ece538aee56dcb4871b4cced23ba4d5088904"},
    {file = "coverage-7.0.5-cp39-cp39-win_amd64.whl", hash = "sha256:949844af60ee96a376aac1ded2a27e134b8c8d35cc006a52903fc06c24a3296f"},
    {file = "coverage-7.0.5-pp37.pp38.pp39-none-any.whl", hash = "sha256:b9727ac4f5cf2cbf87880a63870b5b9730a8ae3a4a360241a0fdaa2f71240ff0"},
    {file = "coverage-7.0.5.tar.gz", hash = "sha256:051afcbd6d2ac39298d62d340f94dbb6a1f31de06dfaf6fcef7b759dd3860c45"},
]

[package.extras]
toml = ["tomli"]

[[package]]
name = "flake8"
version = "4.0.1"
description = "the modular source code checker: pep8 pyflakes and co"
category = "dev"
optional = false
python-versions = ">=3.6"
files = [
    {file = "flake8-4.0.1-py2.py3-none-any.whl", hash = "sha256:479b1304f72536a55948cb40a32dce8bb0ffe3501e26eaf292c7e60eb5e0428d"},
    {file = "flake8-4.0.1.tar.gz", hash = "sha256:806e034dda44114815e23c16ef92f95c91e4c71100ff52813adf7132a6ad870d"},
]

[package.dependencies]
mccabe = ">=0.6.0,<0.7.0"
pycodestyle = ">=2.8.0,<2.9.0"
pyflakes = ">=2.4.0,<2.5.0"

[[package]]
name = "iniconfig"
version = "2.0.0"
description = "brain-dead simple config-ini parsing"
category = "dev"
optional = false
python-versions = ">=3.7"
files = [
    {file = "iniconfig-2.0.0-py3-none-any.whl", hash = "sha256:b6a85871a79d2e3b22d2d1b94ac2824226a63c6b741c88f7ae975f18b6778374"},
    {file = "iniconfig-2.0.0.tar.gz", hash = "sha256:2d91e135bf72d31a410b17c16da610a82cb55f6b0477d1a902134b24a455b8b3"},
]

[[package]]
name = "mccabe"
version = "0.6.1"
description = "McCabe checker, plugin for flake8"
category = "dev"
optional = false
python-versions = "*"
files = [
    {file = "mccabe-0.6.1-py2.py3-none-any.whl", hash = "sha256:ab8a6258860da4b6677da4bd2fe5dc2c659cff31b3ee4f7f5d64e79735b80d42"},
    {file = "mccabe-0.6.1.tar.gz", hash = "sha256:dd8d182285a0fe56bace7f45b5e7d1a6ebcbf524e8f3bd87eb0f125271b8831f"},
]

[[package]]
name = "mypy-extensions"
version = "0.4.3"
description = "Experimental type system extensions for programs checked with the mypy typechecker."
category = "dev"
optional = false
python-versions = "*"
files = [
    {file = "mypy_extensions-0.4.3-py2.py3-none-any.whl", hash = "sha256:090fedd75945a69ae91ce1303b5824f428daf5a028d2f6ab8a299250a846f15d"},
    {file = "mypy_extensions-0.4.3.tar.gz", hash = "sha256:2d82818f5bb3e369420cb3c4060a7970edba416647068eb4c5343488a6c604a8"},
]

[[package]]
name = "packaging"
version = "23.0"
description = "Core utilities for Python packages"
category = "dev"
optional = false
python-versions = ">=3.7"
files = [
    {file = "packaging-23.0-py3-none-any.whl", hash = "sha256:714ac14496c3e68c99c29b00845f7a2b85f3bb6f1078fd9f72fd20f0570002b2"},
    {file = "packaging-23.0.tar.gz", hash = "sha256:b6ad297f8907de0fa2fe1ccbd26fdaf387f5f47c7275fedf8cce89f99446cf97"},
]

[[package]]
name = "pathspec"
version = "0.10.3"
description = "Utility library for gitignore style pattern matching of file paths."
category = "dev"
optional = false
python-versions = ">=3.7"
files = [
    {file = "pathspec-0.10.3-py3-none-any.whl", hash = "sha256:3c95343af8b756205e2aba76e843ba9520a24dd84f68c22b9f93251507509dd6"},
    {file = "pathspec-0.10.3.tar.gz", hash = "sha256:56200de4077d9d0791465aa9095a01d421861e405b5096955051deefd697d6f6"},
]

[[package]]
name = "platformdirs"
version = "2.6.2"
description = "A small Python package for determining appropriate platform-specific dirs, e.g. a \"user data dir\"."
category = "dev"
optional = false
python-versions = ">=3.7"
files = [
    {file = "platformdirs-2.6.2-py3-none-any.whl", hash = "sha256:83c8f6d04389165de7c9b6f0c682439697887bca0aa2f1c87ef1826be3584490"},
    {file = "platformdirs-2.6.2.tar.gz", hash = "sha256:e1fea1fe471b9ff8332e229df3cb7de4f53eeea4998d3b6bfff542115e998bd2"},
]

[package.extras]
docs = ["furo (>=2022.12.7)", "proselint (>=0.13)", "sphinx (>=5.3)", "sphinx-autodoc-typehints (>=1.19.5)"]
test = ["appdirs (==1.4.4)", "covdefaults (>=2.2.2)", "pytest (>=7.2)", "pytest-cov (>=4)", "pytest-mock (>=3.10)"]

[[package]]
name = "pluggy"
version = "1.0.0"
description = "plugin and hook calling mechanisms for python"
category = "dev"
optional = false
python-versions = ">=3.6"
files = [
    {file = "pluggy-1.0.0-py2.py3-none-any.whl", hash = "sha256:74134bbf457f031a36d68416e1509f34bd5ccc019f0bcc952c7b909d06b37bd3"},
    {file = "pluggy-1.0.0.tar.gz", hash = "sha256:4224373bacce55f955a878bf9cfa763c1e360858e330072059e10bad68531159"},
]

[package.extras]
dev = ["pre-commit", "tox"]
testing = ["pytest", "pytest-benchmark"]

[[package]]
name = "pycodestyle"
version = "2.8.0"
description = "Python style guide checker"
category = "dev"
optional = false
python-versions = ">=2.7, !=3.0.*, !=3.1.*, !=3.2.*, !=3.3.*, !=3.4.*"
files = [
    {file = "pycodestyle-2.8.0-py2.py3-none-any.whl", hash = "sha256:720f8b39dde8b293825e7ff02c475f3077124006db4f440dcbc9a20b76548a20"},
    {file = "pycodestyle-2.8.0.tar.gz", hash = "sha256:eddd5847ef438ea1c7870ca7eb78a9d47ce0cdb4851a5523949f2601d0cbbe7f"},
]

[[package]]
name = "pyflakes"
version = "2.4.0"
description = "passive checker of Python programs"
category = "dev"
optional = false
python-versions = ">=2.7, !=3.0.*, !=3.1.*, !=3.2.*, !=3.3.*"
files = [
    {file = "pyflakes-2.4.0-py2.py3-none-any.whl", hash = "sha256:3bb3a3f256f4b7968c9c788781e4ff07dce46bdf12339dcda61053375426ee2e"},
    {file = "pyflakes-2.4.0.tar.gz", hash = "sha256:05a85c2872edf37a4ed30b0cce2f6093e1d0581f8c19d7393122da7e25b2b24c"},
]

[[package]]
name = "pytest"
version = "7.2.1"
description = "pytest: simple powerful testing with Python"
category = "dev"
optional = false
python-versions = ">=3.7"
files = [
    {file = "pytest-7.2.1-py3-none-any.whl", hash = "sha256:c7c6ca206e93355074ae32f7403e8ea12163b1163c976fee7d4d84027c162be5"},
    {file = "pytest-7.2.1.tar.gz", hash = "sha256:d45e0952f3727241918b8fd0f376f5ff6b301cc0777c6f9a556935c92d8a7d42"},
]

[package.dependencies]
attrs = ">=19.2.0"
colorama = {version = "*", markers = "sys_platform == \"win32\""}
iniconfig = "*"
packaging = "*"
pluggy = ">=0.12,<2.0"

[package.extras]
testing = ["argcomplete", "hypothesis (>=3.56)", "mock", "nose", "pygments (>=2.7.2)", "requests", "xmlschema"]

[[package]]
name = "pytest-mock"
version = "3.10.0"
description = "Thin-wrapper around the mock package for easier use with pytest"
category = "dev"
optional = false
python-versions = ">=3.7"
files = [
    {file = "pytest-mock-3.10.0.tar.gz", hash = "sha256:fbbdb085ef7c252a326fd8cdcac0aa3b1333d8811f131bdcc701002e1be7ed4f"},
    {file = "pytest_mock-3.10.0-py3-none-any.whl", hash = "sha256:f4c973eeae0282963eb293eb173ce91b091a79c1334455acfac9ddee8a1c784b"},
]

[package.dependencies]
pytest = ">=5.0"

[package.extras]
dev = ["pre-commit", "pytest-asyncio", "tox"]

[[package]]
name = "tomli"
version = "2.0.1"
description = "A lil' TOML parser"
category = "dev"
optional = false
python-versions = ">=3.7"
files = [
    {file = "tomli-2.0.1-py3-none-any.whl", hash = "sha256:939de3e7a6161af0c887ef91b7d41a53e7c5a1ca976325f429cb46ea9bc30ecc"},
    {file = "tomli-2.0.1.tar.gz", hash = "sha256:de526c12914f0c550d15924c62d72abc48d6fe7364aa87328337a31007fe8a4f"},
]

[metadata]
lock-version = "2.0"
python-versions = "^3.11"
content-hash = "e2b7ba801dff363ad0d5a6cbff01b32006fcbabdb9576f1ecb68f0956ef1e9ff"
